{
  "requires": true,
  "lockfileVersion": 1,
  "dependencies": {
    "@types/jquery": {
      "version": "3.2.7",
      "resolved": "https://registry.npmjs.org/@types/jquery/-/jquery-3.2.7.tgz",
      "integrity": "sha512-cBLuqUFfrUmlL3Fdx87pLSrnM33zaV57Tv9R4ZUwcxuG+z3/ftQVnpviK86w5j94U7XPuMQgtviySBLvRkWJ6Q==",
      "dev": true
    }
  }
}
